
Microsoft Visual Studio Solution File, Format Version 12.00
# Visual Studio Version 17
VisualStudioVersion = 17.14.36121.58 d17.14
MinimumVisualStudioVersion = 10.0.40219.1
Project("{FAE04EC0-301F-11D3-BF4B-00C04F79EFBC}") = "QrCodeGeneratorWeb", "QrCodeGeneratorWeb\QrCodeGeneratorWeb.csproj", "{973D8500-CF37-45D0-BC70-714E5ACA3142}"
EndProject
Global
	GlobalSection(SolutionConfigurationPlatforms) = preSolution
		Debug|Any CPU = Debug|Any CPU
		Release|Any CPU = Release|Any CPU
	EndGlobalSection
	GlobalSection(ProjectConfigurationPlatforms) = postSolution
		{973D8500-CF37-45D0-BC70-714E5ACA3142}.Debug|Any CPU.ActiveCfg = Debug|Any CPU
		{973D8500-CF37-45D0-BC70-714E5ACA3142}.Debug|Any CPU.Build.0 = Debug|Any CPU
		{973D8500-CF37-45D0-BC70-714E5ACA3142}.Release|Any CPU.ActiveCfg = Release|Any CPU
		{973D8500-CF37-45D0-BC70-714E5ACA3142}.Release|Any CPU.Build.0 = Release|Any CPU
	EndGlobalSection
	GlobalSection(SolutionProperties) = preSolution
		HideSolutionNode = FALSE
	EndGlobalSection
	GlobalSection(ExtensibilityGlobals) = postSolution
		SolutionGuid = {A039BDE8-D9C4-493F-B1A9-B952EC45BB98}
	EndGlobalSection
EndGlobal
